<?xml version="1.0" encoding="UTF-8"?>
<CONFIG>
  <ProjectOptions>
    <Version Value="9"/>
    <PathDelim Value="\"/>
    <General>
      <SessionStorage Value="InProjectDir"/>
      <MainUnit Value="0"/>
      <Title Value="project1"/>
      <ResourceType Value="res"/>
      <UseXPManifest Value="True"/>
      <Icon Value="0"/>
    </General>
    <i18n>
      <EnableI18N LFM="False"/>
    </i18n>
    <VersionInfo>
      <StringTable ProductVersion=""/>
    </VersionInfo>
    <BuildModes Count="1">
      <Item1 Name="Default" Default="True"/>
    </BuildModes>
    <PublishOptions>
      <Version Value="2"/>
    </PublishOptions>
    <RunParams>
      <local>
        <FormatVersion Value="1"/>
      </local>
    </RunParams>
    <RequiredPackages Count="5">
      <Item1>
        <PackageName Value="SynEdit"/>
      </Item1>
      <Item2>
        <PackageName Value="MemDSLaz"/>
      </Item2>
      <Item3>
        <PackageName Value="FCL"/>
      </Item3>
      <Item4>
        <PackageName Value="SQLDBLaz"/>
      </Item4>
      <Item5>
        <PackageName Value="LCL"/>
      </Item5>
    </RequiredPackages>
    <Units Count="9">
      <Unit0>
        <Filename Value="project1.lpr"/>
        <IsPartOfProject Value="True"/>
        <UnitName Value="project1"/>
      </Unit0>
      <Unit1>
        <Filename Value="umain.pas"/>
        <IsPartOfProject Value="True"/>
        <ComponentName Value="TimeTableForm"/>
        <HasResources Value="True"/>
        <ResourceBaseClass Value="Form"/>
        <UnitName Value="UMain"/>
      </Unit1>
      <Unit2>
        <Filename Value="umeta.pas"/>
        <IsPartOfProject Value="True"/>
        <UnitName Value="UMeta"/>
      </Unit2>
      <Unit3>
        <Filename Value="utable.pas"/>
        <IsPartOfProject Value="True"/>
        <ComponentName Value="TableForm"/>
        <HasResources Value="True"/>
        <ResourceBaseClass Value="Form"/>
        <UnitName Value="UTable"/>
      </Unit3>
      <Unit4>
        <Filename Value="uconnection.pas"/>
        <IsPartOfProject Value="True"/>
        <ComponentName Value="ConnectionModule"/>
        <HasResources Value="True"/>
        <ResourceBaseClass Value="DataModule"/>
        <UnitName Value="uconnection"/>
      </Unit4>
      <Unit5>
        <Filename Value="utablemanager.pas"/>
        <IsPartOfProject Value="True"/>
        <UnitName Value="uTableManager"/>
      </Unit5>
      <Unit6>
        <Filename Value="uredactorform.pas"/>
        <IsPartOfProject Value="True"/>
        <ComponentName Value="RedactorForm"/>
        <HasResources Value="True"/>
        <ResourceBaseClass Value="Form"/>
        <UnitName Value="uRedactorForm"/>
      </Unit6>
      <Unit7>
        <Filename Value="ufilters.pas"/>
        <IsPartOfProject Value="True"/>
        <UnitName Value="uFilters"/>
      </Unit7>
      <Unit8>
        <Filename Value="uredactor.pas"/>
        <IsPartOfProject Value="True"/>
        <UnitName Value="uRedactor"/>
      </Unit8>
    </Units>
  </ProjectOptions>
  <CompilerOptions>
    <Version Value="11"/>
    <PathDelim Value="\"/>
    <Target>
      <Filename Value="project1"/>
    </Target>
    <SearchPaths>
      <IncludeFiles Value="$(ProjOutDir)"/>
      <UnitOutputDirectory Value="lib\$(TargetCPU)-$(TargetOS)"/>
    </SearchPaths>
    <Linking>
      <Options>
        <Win32>
          <GraphicApplication Value="True"/>
        </Win32>
      </Options>
    </Linking>
    <Other>
      <CompilerMessages>
        <MsgFileName Value=""/>
      </CompilerMessages>
      <CompilerPath Value="$(CompPath)"/>
    </Other>
  </CompilerOptions>
  <Debugging>
    <Exceptions Count="4">
      <Item1>
        <Name Value="EAbort"/>
      </Item1>
      <Item2>
        <Name Value="ECodetoolError"/>
      </Item2>
      <Item3>
        <Name Value="EFOpenError"/>
      </Item3>
      <Item4>
        <Name Value="EIBDatabaseError"/>
      </Item4>
    </Exceptions>
  </Debugging>
</CONFIG>
